{
  "name": "nodejs-mvc",
  "version": "3.4.13",
  "lockfileVersion": 1,
  "requires": true,
  "dependencies": {
    "application-prototype": {
      "version": "1.20.4",
      "resolved": "https://registry.npmjs.org/application-prototype/-/application-prototype-1.20.4.tgz",
      "integrity": "sha512-5w4Gn2czeINsoJqRhdIvQioCXMKKBYHwSnhvuMCXv2dTtgUpxta/BsYrouq6xQaVfRt6fc4Xm60sY0FAcEQmhg=="
    },
    "cookies": {
      "version": "0.7.3",
      "resolved": "https://registry.npmjs.org/cookies/-/cookies-0.7.3.tgz",
      "integrity": "sha512-+gixgxYSgQLTaTIilDHAdlNPZDENDQernEMiIcZpYYP14zgHsCt4Ce1FEjFtcp6GefhozebB6orvhAAWx/IS0A==",
      "requires": {
        "depd": "1.1.2",
        "keygrip": "1.0.3"
      }
    },
    "depd": {
      "version": "1.1.2",
      "resolved": "https://registry.npmjs.org/depd/-/depd-1.1.2.tgz",
      "integrity": "sha1-m81S4UwJd2PnSbJ0xDRu0uVgtak="
    },
    "keygrip": {
      "version": "1.0.3",
      "resolved": "https://registry.npmjs.org/keygrip/-/keygrip-1.0.3.tgz",
      "integrity": "sha512-/PpesirAIfaklxUzp4Yb7xBper9MwP6hNRA6BGGUFCgbJ+BM5CKBtsoxinNXkLHAr+GXS1/lSlF2rP7cv5Fl+g=="
    },
    "module-require": {
      "version": "1.4.5",
      "resolved": "https://registry.npmjs.org/module-require/-/module-require-1.4.5.tgz",
      "integrity": "sha1-Yz3wgzRDya2FlvTELlI3NINVr4g="
    }
  }
}
